
Microsoft Visual Studio Solution File, Format Version 12.00
# Visual Studio Version 17
VisualStudioVersion = 17.5.002.0
MinimumVisualStudioVersion = 10.0.40219.1
Project("{9A19103F-16F7-4668-BE54-9A1E7A4F7556}") = "BE", "BE\BE.csproj", "{74840FB1-1A49-4352-887D-8211BE0C5A31}"
EndProject
Global
	GlobalSection(SolutionConfigurationPlatforms) = preSolution
		Debug|Any CPU = Debug|Any CPU
		Release|Any CPU = Release|Any CPU
	EndGlobalSection
	GlobalSection(ProjectConfigurationPlatforms) = postSolution
		{74840FB1-1A49-4352-887D-8211BE0C5A31}.Debug|Any CPU.ActiveCfg = Debug|Any CPU
		{74840FB1-1A49-4352-887D-8211BE0C5A31}.Debug|Any CPU.Build.0 = Debug|Any CPU
		{74840FB1-1A49-4352-887D-8211BE0C5A31}.Release|Any CPU.ActiveCfg = Release|Any CPU
		{74840FB1-1A49-4352-887D-8211BE0C5A31}.Release|Any CPU.Build.0 = Release|Any CPU
	EndGlobalSection
	GlobalSection(SolutionProperties) = preSolution
		HideSolutionNode = FALSE
	EndGlobalSection
	GlobalSection(ExtensibilityGlobals) = postSolution
		SolutionGuid = {0BD01258-FBA6-4605-BD16-CAC662232CE1}
	EndGlobalSection
EndGlobal
